{
  "version": 4,
  "terraform_version": "0.12.0",
  "serial": 63,
  "lineage": "1c593ec7-79ae-b072-80f3-99ab41b67c51",
  "outputs": {},
  "resources": [
    {
      "mode": "managed",
      "type": "aws_autoscaling_group",
      "name": "aggregations-od-asg-ameren",
      "provider": "provider.aws",
      "instances": [
        {
          "schema_version": 0,
          "attributes": {
            "arn": "arn:aws:autoscaling:us-west-2:189675173661:autoScalingGroup:3896fb01-757a-495b-88f3-457339fde9d0:autoScalingGroupName/tf-asg-20210430112504474300000002",
            "availability_zones": [
              "us-west-2a"
            ],
            "capacity_rebalance": false,
            "default_cooldown": 300,
            "desired_capacity": 1,
            "enabled_metrics": null,
            "force_delete": false,
            "health_check_grace_period": 300,
            "health_check_type": "EC2",
            "id": "tf-asg-20210430112504474300000002",
            "initial_lifecycle_hook": [],
            "instance_refresh": [],
            "launch_configuration": "",
            "launch_template": [
              {
                "id": "lt-0622007938c06403f",
                "name": "aggregationsamerenlaunchtemplate",
                "version": "$Latest"
              }
            ],
            "load_balancers": null,
            "max_instance_lifetime": 0,
            "max_size": 1,
            "metrics_granularity": "1Minute",
            "min_elb_capacity": null,
            "min_size": 1,
            "mixed_instances_policy": [],
            "name": "tf-asg-20210430112504474300000002",
            "name_prefix": null,
            "placement_group": "",
            "protect_from_scale_in": false,
            "service_linked_role_arn": "arn:aws:iam::189675173661:role/aws-service-role/autoscaling.amazonaws.com/AWSServiceRoleForAutoScaling",
            "suspended_processes": null,
            "tag": [],
            "tags": null,
            "target_group_arns": null,
            "termination_policies": null,
            "timeouts": null,
            "vpc_zone_identifier": [
              "subnet-726ea80b"
            ],
            "wait_for_capacity_timeout": "10m",
            "wait_for_elb_capacity": null
          },
          "depends_on": [
            "aws_launch_template.aggregationsamerenlaunchtemplate"
          ]
        }
      ]
    },
    {
      "mode": "managed",
      "type": "aws_autoscaling_group",
      "name": "ingesterjobs-od-asg-ameren",
      "provider": "provider.aws",
      "instances": [
        {
          "schema_version": 0,
          "attributes": {
            "arn": "arn:aws:autoscaling:us-west-2:189675173661:autoScalingGroup:e8c2b514-030c-4455-85d7-9d5edd0970a9:autoScalingGroupName/tf-asg-20210430111039994800000003",
            "availability_zones": [
              "us-west-2a"
            ],
            "capacity_rebalance": false,
            "default_cooldown": 300,
            "desired_capacity": 1,
            "enabled_metrics": [],
            "force_delete": false,
            "health_check_grace_period": 300,
            "health_check_type": "EC2",
            "id": "tf-asg-20210430111039994800000003",
            "initial_lifecycle_hook": [],
            "instance_refresh": [],
            "launch_configuration": "",
            "launch_template": [
              {
                "id": "lt-0e791ce8ac82e087e",
                "name": "ingesterjobsamerenlaunchtemplate",
                "version": "$Latest"
              }
            ],
            "load_balancers": [],
            "max_instance_lifetime": 0,
            "max_size": 1,
            "metrics_granularity": "1Minute",
            "min_elb_capacity": null,
            "min_size": 1,
            "mixed_instances_policy": [],
            "name": "tf-asg-20210430111039994800000003",
            "name_prefix": null,
            "placement_group": "",
            "protect_from_scale_in": false,
            "service_linked_role_arn": "arn:aws:iam::189675173661:role/aws-service-role/autoscaling.amazonaws.com/AWSServiceRoleForAutoScaling",
            "suspended_processes": [],
            "tag": [],
            "tags": null,
            "target_group_arns": [],
            "termination_policies": [],
            "timeouts": null,
            "vpc_zone_identifier": [
              "subnet-726ea80b"
            ],
            "wait_for_capacity_timeout": "10m",
            "wait_for_elb_capacity": null
          },
          "depends_on": [
            "aws_launch_template.ingesterjobsamerenlaunchtemplate"
          ]
        }
      ]
    },
    {
      "mode": "managed",
      "type": "aws_launch_template",
      "name": "aggregationServicesuatspot",
      "provider": "provider.aws",
      "instances": [
        {
          "schema_version": 0,
          "attributes": {
            "arn": "arn:aws:ec2:us-west-2:189675173661:launch-template/lt-0291d7731f146eb84",
            "block_device_mappings": [
              {
                "device_name": "/dev/sda1",
                "ebs": [
                  {
                    "delete_on_termination": "",
                    "encrypted": "",
                    "iops": 0,
                    "kms_key_id": "",
                    "snapshot_id": "",
                    "throughput": 0,
                    "volume_size": 30,
                    "volume_type": "gp2"
                  }
                ],
                "no_device": "",
                "virtual_name": ""
              }
            ],
            "capacity_reservation_specification": [],
            "cpu_options": [],
            "credit_specification": [],
            "default_version": 1,
            "description": "",
            "disable_api_termination": false,
            "ebs_optimized": "",
            "elastic_gpu_specifications": [],
            "elastic_inference_accelerator": [],
            "enclave_options": [],
            "hibernation_options": [],
            "iam_instance_profile": [
              {
                "arn": "",
                "name": "uat-iam-instance-profile"
              }
            ],
            "id": "lt-0291d7731f146eb84",
            "image_id": "ami-6672ff1e",
            "instance_initiated_shutdown_behavior": "",
            "instance_market_options": [],
            "instance_type": "",
            "kernel_id": "",
            "key_name": "uat",
            "latest_version": 1,
            "license_specification": [],
            "metadata_options": [],
            "monitoring": [],
            "name": "aggregationServicesuatspot",
            "name_prefix": null,
            "network_interfaces": [
              {
                "associate_carrier_ip_address": "",
                "associate_public_ip_address": "false",
                "delete_on_termination": "",
                "description": "",
                "device_index": 0,
                "ipv4_address_count": 0,
                "ipv4_addresses": [],
                "ipv6_address_count": 0,
                "ipv6_addresses": [],
                "network_interface_id": "",
                "private_ip_address": "",
                "security_groups": [
                  "sg-08039c77"
                ],
                "subnet_id": "subnet-726ea80b"
              }
            ],
            "placement": [
              {
                "affinity": "",
                "availability_zone": "us-west-2a",
                "group_name": "",
                "host_id": "",
                "partition_number": 0,
                "spread_domain": "",
                "tenancy": ""
              }
            ],
            "ram_disk_id": "",
            "security_group_names": [],
            "tag_specifications": [
              {
                "resource_type": "instance",
                "tags": {
                  "Name": "daemons-avista"
                }
              }
            ],
            "tags": {},
            "update_default_version": null,
            "user_data": "",
            "vpc_security_group_ids": []
          }
        }
      ]
    },
    {
      "mode": "managed",
      "type": "aws_launch_template",
      "name": "aggregationsamerenlaunchtemplate",
      "provider": "provider.aws",
      "instances": [
        {
          "schema_version": 0,
          "attributes": {
            "arn": "arn:aws:ec2:us-west-2:189675173661:launch-template/lt-0622007938c06403f",
            "block_device_mappings": [
              {
                "device_name": "/dev/sda1",
                "ebs": [
                  {
                    "delete_on_termination": "",
                    "encrypted": "",
                    "iops": 0,
                    "kms_key_id": "",
                    "snapshot_id": "",
                    "throughput": 0,
                    "volume_size": 30,
                    "volume_type": "gp2"
                  }
                ],
                "no_device": "",
                "virtual_name": ""
              }
            ],
            "capacity_reservation_specification": [],
            "cpu_options": [],
            "credit_specification": [],
            "default_version": 1,
            "description": "",
            "disable_api_termination": false,
            "ebs_optimized": "",
            "elastic_gpu_specifications": [],
            "elastic_inference_accelerator": [],
            "enclave_options": [],
            "hibernation_options": [],
            "iam_instance_profile": [
              {
                "arn": "",
                "name": "uat-iam-instance-profile"
              }
            ],
            "id": "lt-0622007938c06403f",
            "image_id": "ami-6672ff1e",
            "instance_initiated_shutdown_behavior": "",
            "instance_market_options": [],
            "instance_type": "m4.xlarge",
            "kernel_id": "",
            "key_name": "uat",
            "latest_version": 1,
            "license_specification": [],
            "metadata_options": [],
            "monitoring": [],
            "name": "aggregationsamerenlaunchtemplate",
            "name_prefix": null,
            "network_interfaces": [
              {
                "associate_carrier_ip_address": "",
                "associate_public_ip_address": "false",
                "delete_on_termination": "",
                "description": "",
                "device_index": 0,
                "ipv4_address_count": 0,
                "ipv4_addresses": null,
                "ipv6_address_count": 0,
                "ipv6_addresses": null,
                "network_interface_id": "",
                "private_ip_address": "",
                "security_groups": [
                  "sg-08039c77"
                ],
                "subnet_id": "subnet-726ea80b"
              }
            ],
            "placement": [
              {
                "affinity": "",
                "availability_zone": "us-west-2a",
                "group_name": "",
                "host_id": "",
                "partition_number": 0,
                "spread_domain": "",
                "tenancy": ""
              }
            ],
            "ram_disk_id": "",
            "security_group_names": null,
            "tag_specifications": [
              {
                "resource_type": "instance",
                "tags": {
                  "Name": "aggregations"
                }
              }
            ],
            "tags": null,
            "update_default_version": null,
            "user_data": "IyEvYmluL2Jhc2gKc2xlZXAgMTIwCklOU1RBTkNFSUQ9JChjdXJsIC1zIGh0dHA6Ly8xNjkuMjU0LjE2OS4yNTQvbGF0ZXN0L21ldGEtZGF0YS9pbnN0YW5jZS1pZCApOwphd3MgZWMyIGNyZWF0ZS10YWdzIC0tcmVzb3VyY2VzICRJTlNUQU5DRUlEIC0tdGFncyBLZXk9TmFtZSxWYWx1ZT1kYWVtb25zLWFtZXJlbi1hZ2dyZWdhdGlvbnMgS2V5PUVudmlyb25tZW50LFZhbHVlPXVhdCBLZXk9Q29tcG9uZW50LFZhbHVlPWRhZW1vbnMgS2V5PU93bmVyLFZhbHVlPXJvaGluaSBLZXk9VXRpbGl0eSxWYWx1ZT1hdmlzdGEgS2V5PVF1ZXVlU3VmZml4LFZhbHVlPWFtZXJlbiAtLXJlZ2lvbiB1cy13ZXN0LTIKZWNobyBRVUVVRV9TVUZGSVg9YW1lcmVuID4+IC9ldGMvZW52aXJvbm1lbnQKZWNobyBCSURHRUxZX0VOVj11YXQgPj4gL2V0Yy9lbnZpcm9ubWVudAphd3MgczMgY3AgczM6Ly9iaWRnZWx5LWFydGlmYWN0czIvYW1lcmVuLWF1dG9zY2FsaW5nL2FnZ3JlZ2F0aW9uU2VydmljZXNfMy4xflNOQVBTSE9UX2FsbC5kZWIgLgpkcGtnIC1pIGFnZ3JlZ2F0aW9uU2VydmljZXNfMy4xflNOQVBTSE9UX2FsbC5kZWIK",
            "vpc_security_group_ids": null
          }
        }
      ]
    },
    {
      "mode": "managed",
      "type": "aws_launch_template",
      "name": "disagguatspot",
      "provider": "provider.aws",
      "instances": [
        {
          "schema_version": 0,
          "attributes": {
            "arn": "arn:aws:ec2:us-west-2:189675173661:launch-template/lt-0cdd9e42aa916aa70",
            "block_device_mappings": [
              {
                "device_name": "/dev/sda1",
                "ebs": [
                  {
                    "delete_on_termination": "",
                    "encrypted": "",
                    "iops": 0,
                    "kms_key_id": "",
                    "snapshot_id": "",
                    "throughput": 0,
                    "volume_size": 30,
                    "volume_type": "gp2"
                  }
                ],
                "no_device": "",
                "virtual_name": ""
              }
            ],
            "capacity_reservation_specification": [],
            "cpu_options": [],
            "credit_specification": [],
            "default_version": 1,
            "description": "",
            "disable_api_termination": false,
            "ebs_optimized": "",
            "elastic_gpu_specifications": [],
            "elastic_inference_accelerator": [],
            "enclave_options": [],
            "hibernation_options": [],
            "iam_instance_profile": [
              {
                "arn": "",
                "name": "uat-iam-instance-profile"
              }
            ],
            "id": "lt-0cdd9e42aa916aa70",
            "image_id": "ami-001687ed21bf26dda",
            "instance_initiated_shutdown_behavior": "",
            "instance_market_options": [],
            "instance_type": "",
            "kernel_id": "",
            "key_name": "uat",
            "latest_version": 1,
            "license_specification": [],
            "metadata_options": [],
            "monitoring": [],
            "name": "disagguatspot",
            "name_prefix": null,
            "network_interfaces": [
              {
                "associate_carrier_ip_address": "",
                "associate_public_ip_address": "false",
                "delete_on_termination": "",
                "description": "",
                "device_index": 0,
                "ipv4_address_count": 0,
                "ipv4_addresses": [],
                "ipv6_address_count": 0,
                "ipv6_addresses": [],
                "network_interface_id": "",
                "private_ip_address": "",
                "security_groups": [
                  "sg-08039c77"
                ],
                "subnet_id": "subnet-726ea80b"
              }
            ],
            "placement": [
              {
                "affinity": "",
                "availability_zone": "us-west-2a",
                "group_name": "",
                "host_id": "",
                "partition_number": 0,
                "spread_domain": "",
                "tenancy": ""
              }
            ],
            "ram_disk_id": "",
            "security_group_names": [],
            "tag_specifications": [
              {
                "resource_type": "instance",
                "tags": {
                  "Name": "daemons-avista"
                }
              }
            ],
            "tags": {},
            "update_default_version": null,
            "user_data": "",
            "vpc_security_group_ids": []
          }
        }
      ]
    },
    {
      "mode": "managed",
      "type": "aws_launch_template",
      "name": "ingesterjobsamerenlaunchtemplate",
      "provider": "provider.aws",
      "instances": [
        {
          "schema_version": 0,
          "attributes": {
            "arn": "arn:aws:ec2:us-west-2:189675173661:launch-template/lt-0e791ce8ac82e087e",
            "block_device_mappings": [
              {
                "device_name": "/dev/sda1",
                "ebs": [
                  {
                    "delete_on_termination": "",
                    "encrypted": "",
                    "iops": 0,
                    "kms_key_id": "",
                    "snapshot_id": "",
                    "throughput": 0,
                    "volume_size": 30,
                    "volume_type": "gp2"
                  }
                ],
                "no_device": "",
                "virtual_name": ""
              }
            ],
            "capacity_reservation_specification": [],
            "cpu_options": [],
            "credit_specification": [],
            "default_version": 1,
            "description": "",
            "disable_api_termination": false,
            "ebs_optimized": "",
            "elastic_gpu_specifications": [],
            "elastic_inference_accelerator": [],
            "enclave_options": [],
            "hibernation_options": [],
            "iam_instance_profile": [
              {
                "arn": "",
                "name": "uat-iam-instance-profile"
              }
            ],
            "id": "lt-0e791ce8ac82e087e",
            "image_id": "ami-6672ff1e",
            "instance_initiated_shutdown_behavior": "",
            "instance_market_options": [],
            "instance_type": "m4.xlarge",
            "kernel_id": "",
            "key_name": "uat",
            "latest_version": 1,
            "license_specification": [],
            "metadata_options": [],
            "monitoring": [],
            "name": "ingesterjobsamerenlaunchtemplate",
            "name_prefix": null,
            "network_interfaces": [
              {
                "associate_carrier_ip_address": "",
                "associate_public_ip_address": "false",
                "delete_on_termination": "",
                "description": "",
                "device_index": 0,
                "ipv4_address_count": 0,
                "ipv4_addresses": [],
                "ipv6_address_count": 0,
                "ipv6_addresses": [],
                "network_interface_id": "",
                "private_ip_address": "",
                "security_groups": [
                  "sg-08039c77"
                ],
                "subnet_id": "subnet-726ea80b"
              }
            ],
            "placement": [
              {
                "affinity": "",
                "availability_zone": "us-west-2a",
                "group_name": "",
                "host_id": "",
                "partition_number": 0,
                "spread_domain": "",
                "tenancy": ""
              }
            ],
            "ram_disk_id": "",
            "security_group_names": [],
            "tag_specifications": [
              {
                "resource_type": "instance",
                "tags": {
                  "Name": "ingesterjobs"
                }
              }
            ],
            "tags": {},
            "update_default_version": null,
            "user_data": "IyEvYmluL2Jhc2gKc2xlZXAgMTIwCklOU1RBTkNFSUQ9JChjdXJsIC1zIGh0dHA6Ly8xNjkuMjU0LjE2OS4yNTQvbGF0ZXN0L21ldGEtZGF0YS9pbnN0YW5jZS1pZCApOwphd3MgZWMyIGNyZWF0ZS10YWdzIC0tcmVzb3VyY2VzICRJTlNUQU5DRUlEIC0tdGFncyBLZXk9TmFtZSxWYWx1ZT1kYWVtb25zLWFtZXJlbi1pbmdlc3RlcmpvYnMgS2V5PUVudmlyb25tZW50LFZhbHVlPXVhdCBLZXk9Q29tcG9uZW50LFZhbHVlPWRhZW1vbnMgS2V5PU93bmVyLFZhbHVlPXJvaGluaSBLZXk9VXRpbGl0eSxWYWx1ZT1hdmlzdGEgS2V5PVF1ZXVlU3VmZml4LFZhbHVlPWFtZXJlbiAtLXJlZ2lvbiB1cy13ZXN0LTIKZWNobyBRVUVVRV9TVUZGSVg9YW1lcmVuID4+IC9ldGMvZW52aXJvbm1lbnQKZWNobyBCSURHRUxZX0VOVj11YXQgPj4gL2V0Yy9lbnZpcm9ubWVudAphd3MgczMgY3AgczM6Ly9iaWRnZWx5LWFydGlmYWN0czIvYW1lcmVuLWF1dG9zY2FsaW5nL2luZ2VzdGVySm9ic18zLjF+U05BUFNIT1RfYWxsLmRlYiAuCmRwa2cgLWkgaW5nZXN0ZXJKb2JzXzMuMX5TTkFQU0hPVF9hbGwuZGViCg==",
            "vpc_security_group_ids": []
          }
        }
      ]
    },
    {
      "mode": "managed",
      "type": "aws_launch_template",
      "name": "ingesteruatspot",
      "provider": "provider.aws",
      "instances": [
        {
          "schema_version": 0,
          "attributes": {
            "arn": "arn:aws:ec2:us-west-2:189675173661:launch-template/lt-0996506fe3e58983f",
            "block_device_mappings": [
              {
                "device_name": "/dev/sda1",
                "ebs": [
                  {
                    "delete_on_termination": "",
                    "encrypted": "",
                    "iops": 0,
                    "kms_key_id": "",
                    "snapshot_id": "",
                    "throughput": 0,
                    "volume_size": 30,
                    "volume_type": "gp2"
                  }
                ],
                "no_device": "",
                "virtual_name": ""
              }
            ],
            "capacity_reservation_specification": [],
            "cpu_options": [],
            "credit_specification": [],
            "default_version": 1,
            "description": "",
            "disable_api_termination": false,
            "ebs_optimized": "",
            "elastic_gpu_specifications": [],
            "elastic_inference_accelerator": [],
            "enclave_options": [],
            "hibernation_options": [],
            "iam_instance_profile": [
              {
                "arn": "",
                "name": "uat-iam-instance-profile"
              }
            ],
            "id": "lt-0996506fe3e58983f",
            "image_id": "ami-6672ff1e",
            "instance_initiated_shutdown_behavior": "",
            "instance_market_options": [],
            "instance_type": "",
            "kernel_id": "",
            "key_name": "uat",
            "latest_version": 1,
            "license_specification": [],
            "metadata_options": [],
            "monitoring": [],
            "name": "ingesteruatspot",
            "name_prefix": null,
            "network_interfaces": [
              {
                "associate_carrier_ip_address": "",
                "associate_public_ip_address": "false",
                "delete_on_termination": "",
                "description": "",
                "device_index": 0,
                "ipv4_address_count": 0,
                "ipv4_addresses": [],
                "ipv6_address_count": 0,
                "ipv6_addresses": [],
                "network_interface_id": "",
                "private_ip_address": "",
                "security_groups": [
                  "sg-08039c77"
                ],
                "subnet_id": "subnet-726ea80b"
              }
            ],
            "placement": [
              {
                "affinity": "",
                "availability_zone": "us-west-2a",
                "group_name": "",
                "host_id": "",
                "partition_number": 0,
                "spread_domain": "",
                "tenancy": ""
              }
            ],
            "ram_disk_id": "",
            "security_group_names": [],
            "tag_specifications": [
              {
                "resource_type": "instance",
                "tags": {
                  "Name": "daemons-avista"
                }
              }
            ],
            "tags": {},
            "update_default_version": null,
            "user_data": "",
            "vpc_security_group_ids": []
          }
        }
      ]
    },
    {
      "mode": "managed",
      "type": "aws_spot_fleet_request",
      "name": "cheap_compute",
      "provider": "provider.aws",
      "instances": [
        {
          "schema_version": 1,
          "attributes": {
            "allocation_strategy": "lowestPrice",
            "client_token": "terraform-20210401175114636300000006",
            "excess_capacity_termination_policy": "Default",
            "fleet_type": "maintain",
            "iam_fleet_role": "arn:aws:iam::189675173661:role/aws-ec2-spot-fleet-tagging-role",
            "id": "sfr-b8571e74-9302-4da5-b350-5383de36d196",
            "instance_interruption_behaviour": "terminate",
            "instance_pools_to_use_count": 1,
            "launch_specification": [
              {
                "ami": "ami-6672ff1e",
                "associate_public_ip_address": false,
                "availability_zone": "us-west-2a",
                "ebs_block_device": [],
                "ebs_optimized": false,
                "ephemeral_block_device": [],
                "iam_instance_profile": "uat-iam-instance-profile",
                "iam_instance_profile_arn": "",
                "instance_type": "m4.10xlarge",
                "key_name": "uat",
                "monitoring": false,
                "placement_group": "",
                "placement_tenancy": "",
                "root_block_device": [],
                "spot_price": "0.366",
                "subnet_id": "subnet-726ea80b",
                "tags": {},
                "user_data": "33a35c5f279e73596bb8d3c589bddc8480a4cbde",
                "vpc_security_group_ids": [
                  "sg-08039c77"
                ],
                "weighted_capacity": ""
              },
              {
                "ami": "ami-6672ff1e",
                "associate_public_ip_address": false,
                "availability_zone": "us-west-2a",
                "ebs_block_device": [],
                "ebs_optimized": false,
                "ephemeral_block_device": [],
                "iam_instance_profile": "uat-iam-instance-profile",
                "iam_instance_profile_arn": "",
                "instance_type": "m4.2xlarge",
                "key_name": "uat",
                "monitoring": false,
                "placement_group": "",
                "placement_tenancy": "",
                "root_block_device": [],
                "spot_price": "0.366",
                "subnet_id": "subnet-726ea80b",
                "tags": {},
                "user_data": "33a35c5f279e73596bb8d3c589bddc8480a4cbde",
                "vpc_security_group_ids": [
                  "sg-08039c77"
                ],
                "weighted_capacity": ""
              },
              {
                "ami": "ami-6672ff1e",
                "associate_public_ip_address": false,
                "availability_zone": "us-west-2a",
                "ebs_block_device": [],
                "ebs_optimized": false,
                "ephemeral_block_device": [],
                "iam_instance_profile": "uat-iam-instance-profile",
                "iam_instance_profile_arn": "",
                "instance_type": "m4.4xlarge",
                "key_name": "uat",
                "monitoring": false,
                "placement_group": "",
                "placement_tenancy": "",
                "root_block_device": [],
                "spot_price": "0.366",
                "subnet_id": "subnet-726ea80b",
                "tags": {
                  "Name": "aggregations"
                },
                "user_data": "33a35c5f279e73596bb8d3c589bddc8480a4cbde",
                "vpc_security_group_ids": [
                  "sg-08039c77"
                ],
                "weighted_capacity": ""
              },
              {
                "ami": "ami-6672ff1e",
                "associate_public_ip_address": false,
                "availability_zone": "us-west-2a",
                "ebs_block_device": [],
                "ebs_optimized": false,
                "ephemeral_block_device": [],
                "iam_instance_profile": "uat-iam-instance-profile",
                "iam_instance_profile_arn": "",
                "instance_type": "m4.xlarge",
                "key_name": "uat",
                "monitoring": false,
                "placement_group": "",
                "placement_tenancy": "",
                "root_block_device": [],
                "spot_price": "0.366",
                "subnet_id": "subnet-726ea80b",
                "tags": {},
                "user_data": "33a35c5f279e73596bb8d3c589bddc8480a4cbde",
                "vpc_security_group_ids": [
                  "sg-08039c77"
                ],
                "weighted_capacity": ""
              }
            ],
            "launch_template_config": [],
            "load_balancers": [],
            "replace_unhealthy_instances": false,
            "spot_maintenance_strategies": [],
            "spot_price": "0.03",
            "spot_request_state": "modifying",
            "tags": {},
            "target_capacity": 1,
            "target_group_arns": [],
            "terminate_instances_with_expiration": false,
            "timeouts": null,
            "valid_from": null,
            "valid_until": "2023-11-04T20:44:20Z",
            "wait_for_fulfillment": false
          }
        }
      ]
    },
    {
      "mode": "managed",
      "type": "aws_spot_fleet_request",
      "name": "cheap_compute_agg",
      "provider": "provider.aws",
      "instances": [
        {
          "schema_version": 1,
          "attributes": {
            "allocation_strategy": "lowestPrice",
            "client_token": "terraform-20210401175114635600000005",
            "excess_capacity_termination_policy": "Default",
            "fleet_type": "maintain",
            "iam_fleet_role": "arn:aws:iam::189675173661:role/aws-ec2-spot-fleet-tagging-role",
            "id": "sfr-49e32734-b41f-41e3-a107-c0f008d7a53d",
            "instance_interruption_behaviour": "terminate",
            "instance_pools_to_use_count": 1,
            "launch_specification": [
              {
                "ami": "ami-6672ff1e",
                "associate_public_ip_address": false,
                "availability_zone": "us-west-2a",
                "ebs_block_device": [],
                "ebs_optimized": false,
                "ephemeral_block_device": [],
                "iam_instance_profile": "uat-iam-instance-profile",
                "iam_instance_profile_arn": "",
                "instance_type": "m4.10xlarge",
                "key_name": "uat",
                "monitoring": false,
                "placement_group": "",
                "placement_tenancy": "",
                "root_block_device": [],
                "spot_price": "0.366",
                "subnet_id": "subnet-726ea80b",
                "tags": {},
                "user_data": "9db769a3dbeae97cbcce17f0538fc68856266eda",
                "vpc_security_group_ids": [
                  "sg-08039c77"
                ],
                "weighted_capacity": ""
              },
              {
                "ami": "ami-6672ff1e",
                "associate_public_ip_address": false,
                "availability_zone": "us-west-2a",
                "ebs_block_device": [],
                "ebs_optimized": false,
                "ephemeral_block_device": [],
                "iam_instance_profile": "uat-iam-instance-profile",
                "iam_instance_profile_arn": "",
                "instance_type": "m4.2xlarge",
                "key_name": "uat",
                "monitoring": false,
                "placement_group": "",
                "placement_tenancy": "",
                "root_block_device": [],
                "spot_price": "0.366",
                "subnet_id": "subnet-726ea80b",
                "tags": {},
                "user_data": "9db769a3dbeae97cbcce17f0538fc68856266eda",
                "vpc_security_group_ids": [
                  "sg-08039c77"
                ],
                "weighted_capacity": ""
              },
              {
                "ami": "ami-6672ff1e",
                "associate_public_ip_address": false,
                "availability_zone": "us-west-2a",
                "ebs_block_device": [],
                "ebs_optimized": false,
                "ephemeral_block_device": [],
                "iam_instance_profile": "uat-iam-instance-profile",
                "iam_instance_profile_arn": "",
                "instance_type": "m4.4xlarge",
                "key_name": "uat",
                "monitoring": false,
                "placement_group": "",
                "placement_tenancy": "",
                "root_block_device": [],
                "spot_price": "0.366",
                "subnet_id": "subnet-726ea80b",
                "tags": {
                  "Name": "aggregations"
                },
                "user_data": "9db769a3dbeae97cbcce17f0538fc68856266eda",
                "vpc_security_group_ids": [
                  "sg-08039c77"
                ],
                "weighted_capacity": ""
              },
              {
                "ami": "ami-6672ff1e",
                "associate_public_ip_address": false,
                "availability_zone": "us-west-2a",
                "ebs_block_device": [],
                "ebs_optimized": false,
                "ephemeral_block_device": [],
                "iam_instance_profile": "uat-iam-instance-profile",
                "iam_instance_profile_arn": "",
                "instance_type": "m4.xlarge",
                "key_name": "uat",
                "monitoring": false,
                "placement_group": "",
                "placement_tenancy": "",
                "root_block_device": [],
                "spot_price": "0.366",
                "subnet_id": "subnet-726ea80b",
                "tags": {},
                "user_data": "9db769a3dbeae97cbcce17f0538fc68856266eda",
                "vpc_security_group_ids": [
                  "sg-08039c77"
                ],
                "weighted_capacity": ""
              }
            ],
            "launch_template_config": [],
            "load_balancers": [],
            "replace_unhealthy_instances": false,
            "spot_maintenance_strategies": [],
            "spot_price": "0.03",
            "spot_request_state": "modifying",
            "tags": {},
            "target_capacity": 1,
            "target_group_arns": [],
            "terminate_instances_with_expiration": false,
            "timeouts": null,
            "valid_from": null,
            "valid_until": "2023-11-04T20:44:20Z",
            "wait_for_fulfillment": false
          }
        }
      ]
    },
    {
      "mode": "managed",
      "type": "aws_spot_fleet_request",
      "name": "cheap_compute_disagg",
      "provider": "provider.aws",
      "instances": [
        {
          "schema_version": 1,
          "attributes": {
            "allocation_strategy": "lowestPrice",
            "client_token": "terraform-20210430111035139100000002",
            "excess_capacity_termination_policy": "Default",
            "fleet_type": "maintain",
            "iam_fleet_role": "arn:aws:iam::189675173661:role/aws-ec2-spot-fleet-tagging-role",
            "id": "sfr-a4efda6b-6fdd-4670-bcbf-56a32bb979aa",
            "instance_interruption_behaviour": "terminate",
            "instance_pools_to_use_count": 1,
            "launch_specification": [
              {
                "ami": "ami-001687ed21bf26dda",
                "associate_public_ip_address": false,
                "availability_zone": "us-west-2a",
                "ebs_block_device": [],
                "ebs_optimized": false,
                "ephemeral_block_device": [],
                "iam_instance_profile": "uat-iam-instance-profile",
                "iam_instance_profile_arn": "",
                "instance_type": "m4.10xlarge",
                "key_name": "uat",
                "monitoring": false,
                "placement_group": "",
                "placement_tenancy": "",
                "root_block_device": [],
                "spot_price": "0.366",
                "subnet_id": "subnet-726ea80b",
                "tags": {},
                "user_data": "814eee65cd95fef783ea8d01ae916e2238492c1d",
                "vpc_security_group_ids": [
                  "sg-08039c77"
                ],
                "weighted_capacity": ""
              },
              {
                "ami": "ami-001687ed21bf26dda",
                "associate_public_ip_address": false,
                "availability_zone": "us-west-2a",
                "ebs_block_device": [],
                "ebs_optimized": false,
                "ephemeral_block_device": [],
                "iam_instance_profile": "uat-iam-instance-profile",
                "iam_instance_profile_arn": "",
                "instance_type": "m4.2xlarge",
                "key_name": "uat",
                "monitoring": false,
                "placement_group": "",
                "placement_tenancy": "",
                "root_block_device": [],
                "spot_price": "0.366",
                "subnet_id": "subnet-726ea80b",
                "tags": {},
                "user_data": "814eee65cd95fef783ea8d01ae916e2238492c1d",
                "vpc_security_group_ids": [
                  "sg-08039c77"
                ],
                "weighted_capacity": ""
              },
              {
                "ami": "ami-001687ed21bf26dda",
                "associate_public_ip_address": false,
                "availability_zone": "us-west-2a",
                "ebs_block_device": [],
                "ebs_optimized": false,
                "ephemeral_block_device": [],
                "iam_instance_profile": "uat-iam-instance-profile",
                "iam_instance_profile_arn": "",
                "instance_type": "m4.4xlarge",
                "key_name": "uat",
                "monitoring": false,
                "placement_group": "",
                "placement_tenancy": "",
                "root_block_device": [],
                "spot_price": "0.366",
                "subnet_id": "subnet-726ea80b",
                "tags": {
                  "Name": "pyamidisagg"
                },
                "user_data": "814eee65cd95fef783ea8d01ae916e2238492c1d",
                "vpc_security_group_ids": [
                  "sg-08039c77"
                ],
                "weighted_capacity": ""
              },
              {
                "ami": "ami-001687ed21bf26dda",
                "associate_public_ip_address": false,
                "availability_zone": "us-west-2a",
                "ebs_block_device": [],
                "ebs_optimized": false,
                "ephemeral_block_device": [],
                "iam_instance_profile": "uat-iam-instance-profile",
                "iam_instance_profile_arn": "",
                "instance_type": "m4.xlarge",
                "key_name": "uat",
                "monitoring": false,
                "placement_group": "",
                "placement_tenancy": "",
                "root_block_device": [],
                "spot_price": "0.366",
                "subnet_id": "subnet-726ea80b",
                "tags": {},
                "user_data": "814eee65cd95fef783ea8d01ae916e2238492c1d",
                "vpc_security_group_ids": [
                  "sg-08039c77"
                ],
                "weighted_capacity": ""
              }
            ],
            "launch_template_config": [],
            "load_balancers": [],
            "replace_unhealthy_instances": false,
            "spot_maintenance_strategies": [],
            "spot_price": "0.03",
            "spot_request_state": "active",
            "tags": {},
            "target_capacity": 1,
            "target_group_arns": [],
            "terminate_instances_with_expiration": false,
            "timeouts": null,
            "valid_from": null,
            "valid_until": "2023-11-04T20:44:20Z",
            "wait_for_fulfillment": false
          }
        }
      ]
    }
  ]
}
