{
  "version": 4,
  "terraform_version": "0.12.0",
  "serial": 57,
  "lineage": "5a9d0b48-50d8-73ab-4cc9-e7473eb80506",
  "outputs": {},
  "resources": [
    {
      "mode": "managed",
      "type": "aws_autoscaling_group",
      "name": "aggregations-od-asg-prodca",
      "provider": "provider.aws",
      "instances": [
        {
          "schema_version": 0,
          "attributes": {
            "arn": "arn:aws:autoscaling:ca-central-1:076900401824:autoScalingGroup:a33b015d-fcd5-43c2-9941-3fc60af3bc7c:autoScalingGroupName/tf-asg-20210428075541973200000007",
            "availability_zones": [
              "ca-central-1a"
            ],
            "capacity_rebalance": false,
            "default_cooldown": 300,
            "desired_capacity": 1,
            "enabled_metrics": [],
            "force_delete": false,
            "health_check_grace_period": 300,
            "health_check_type": "EC2",
            "id": "tf-asg-20210428075541973200000007",
            "initial_lifecycle_hook": [],
            "instance_refresh": [],
            "launch_configuration": "",
            "launch_template": [
              {
                "id": "lt-03a57420a4b03fa2e",
                "name": "aggregationslaunchtemplate",
                "version": "$Latest"
              }
            ],
            "load_balancers": [],
            "max_instance_lifetime": 0,
            "max_size": 1,
            "metrics_granularity": "1Minute",
            "min_elb_capacity": null,
            "min_size": 1,
            "mixed_instances_policy": [],
            "name": "tf-asg-20210428075541973200000007",
            "name_prefix": null,
            "placement_group": "",
            "protect_from_scale_in": false,
            "service_linked_role_arn": "arn:aws:iam::076900401824:role/aws-service-role/autoscaling.amazonaws.com/AWSServiceRoleForAutoScaling",
            "suspended_processes": [],
            "tag": [],
            "tags": null,
            "target_group_arns": [],
            "termination_policies": [],
            "timeouts": null,
            "vpc_zone_identifier": [
              "subnet-0b203fd84612bcbd1"
            ],
            "wait_for_capacity_timeout": "10m",
            "wait_for_elb_capacity": null
          },
          "depends_on": [
            "aws_launch_template.aggregationslaunchtemplate"
          ]
        }
      ]
    },
    {
      "mode": "managed",
      "type": "aws_autoscaling_group",
      "name": "daemons3-od-asg-prodca",
      "provider": "provider.aws",
      "instances": [
        {
          "schema_version": 0,
          "attributes": {
            "arn": "arn:aws:autoscaling:ca-central-1:076900401824:autoScalingGroup:fd1b6cb2-f917-418f-ae37-05cd72d3bf15:autoScalingGroupName/tf-asg-20210428075541985100000008",
            "availability_zones": [
              "ca-central-1a"
            ],
            "capacity_rebalance": false,
            "default_cooldown": 300,
            "desired_capacity": 1,
            "enabled_metrics": [],
            "force_delete": false,
            "health_check_grace_period": 300,
            "health_check_type": "EC2",
            "id": "tf-asg-20210428075541985100000008",
            "initial_lifecycle_hook": [],
            "instance_refresh": [],
            "launch_configuration": "",
            "launch_template": [
              {
                "id": "lt-04f5ce3d2bee4e0fc",
                "name": "daemons3launchtemplate",
                "version": "$Latest"
              }
            ],
            "load_balancers": [],
            "max_instance_lifetime": 0,
            "max_size": 1,
            "metrics_granularity": "1Minute",
            "min_elb_capacity": null,
            "min_size": 1,
            "mixed_instances_policy": [],
            "name": "tf-asg-20210428075541985100000008",
            "name_prefix": null,
            "placement_group": "",
            "protect_from_scale_in": false,
            "service_linked_role_arn": "arn:aws:iam::076900401824:role/aws-service-role/autoscaling.amazonaws.com/AWSServiceRoleForAutoScaling",
            "suspended_processes": [],
            "tag": [],
            "tags": null,
            "target_group_arns": [],
            "termination_policies": [],
            "timeouts": null,
            "vpc_zone_identifier": [
              "subnet-0b203fd84612bcbd1"
            ],
            "wait_for_capacity_timeout": "10m",
            "wait_for_elb_capacity": null
          },
          "depends_on": [
            "aws_launch_template.daemons3launchtemplate"
          ]
        }
      ]
    },
    {
      "mode": "managed",
      "type": "aws_autoscaling_group",
      "name": "ingesterclient-od-asg-prodca",
      "provider": "provider.aws",
      "instances": [
        {
          "schema_version": 0,
          "attributes": {
            "arn": "arn:aws:autoscaling:ca-central-1:076900401824:autoScalingGroup:c90ceb7e-d087-4373-92c6-68953ba22335:autoScalingGroupName/tf-asg-2021042807554204200000000a",
            "availability_zones": [
              "ca-central-1a"
            ],
            "capacity_rebalance": false,
            "default_cooldown": 300,
            "desired_capacity": 1,
            "enabled_metrics": [],
            "force_delete": false,
            "health_check_grace_period": 300,
            "health_check_type": "EC2",
            "id": "tf-asg-2021042807554204200000000a",
            "initial_lifecycle_hook": [],
            "instance_refresh": [],
            "launch_configuration": "",
            "launch_template": [
              {
                "id": "lt-0544856b8b9f75bbe",
                "name": "ingesterclientlaunchtemplate",
                "version": "$Latest"
              }
            ],
            "load_balancers": [],
            "max_instance_lifetime": 0,
            "max_size": 1,
            "metrics_granularity": "1Minute",
            "min_elb_capacity": null,
            "min_size": 1,
            "mixed_instances_policy": [],
            "name": "tf-asg-2021042807554204200000000a",
            "name_prefix": null,
            "placement_group": "",
            "protect_from_scale_in": false,
            "service_linked_role_arn": "arn:aws:iam::076900401824:role/aws-service-role/autoscaling.amazonaws.com/AWSServiceRoleForAutoScaling",
            "suspended_processes": [],
            "tag": [],
            "tags": null,
            "target_group_arns": [],
            "termination_policies": [],
            "timeouts": null,
            "vpc_zone_identifier": [
              "subnet-0b203fd84612bcbd1"
            ],
            "wait_for_capacity_timeout": "10m",
            "wait_for_elb_capacity": null
          },
          "depends_on": [
            "aws_launch_template.ingesterclientlaunchtemplate"
          ]
        }
      ]
    },
    {
      "mode": "managed",
      "type": "aws_autoscaling_group",
      "name": "ingesterjobs-od-asg-prodca",
      "provider": "provider.aws",
      "instances": [
        {
          "schema_version": 0,
          "attributes": {
            "arn": "arn:aws:autoscaling:ca-central-1:076900401824:autoScalingGroup:b8f0bef9-d121-420a-a306-fbea29685b62:autoScalingGroupName/tf-asg-20210428075542030000000009",
            "availability_zones": [
              "ca-central-1a"
            ],
            "capacity_rebalance": false,
            "default_cooldown": 300,
            "desired_capacity": 1,
            "enabled_metrics": [],
            "force_delete": false,
            "health_check_grace_period": 300,
            "health_check_type": "EC2",
            "id": "tf-asg-20210428075542030000000009",
            "initial_lifecycle_hook": [],
            "instance_refresh": [],
            "launch_configuration": "",
            "launch_template": [
              {
                "id": "lt-0c1269c94017c2dfb",
                "name": "ingesterjobslaunchtemplate",
                "version": "$Latest"
              }
            ],
            "load_balancers": [],
            "max_instance_lifetime": 0,
            "max_size": 1,
            "metrics_granularity": "1Minute",
            "min_elb_capacity": null,
            "min_size": 1,
            "mixed_instances_policy": [],
            "name": "tf-asg-20210428075542030000000009",
            "name_prefix": null,
            "placement_group": "",
            "protect_from_scale_in": false,
            "service_linked_role_arn": "arn:aws:iam::076900401824:role/aws-service-role/autoscaling.amazonaws.com/AWSServiceRoleForAutoScaling",
            "suspended_processes": [],
            "tag": [],
            "tags": null,
            "target_group_arns": [],
            "termination_policies": [],
            "timeouts": null,
            "vpc_zone_identifier": [
              "subnet-0b203fd84612bcbd1"
            ],
            "wait_for_capacity_timeout": "10m",
            "wait_for_elb_capacity": null
          },
          "depends_on": [
            "aws_launch_template.ingesterjobslaunchtemplate"
          ]
        }
      ]
    },
    {
      "mode": "managed",
      "type": "aws_autoscaling_group",
      "name": "pyamidisagg-od-asg-prodca",
      "provider": "provider.aws",
      "instances": [
        {
          "schema_version": 0,
          "attributes": {
            "arn": "arn:aws:autoscaling:ca-central-1:076900401824:autoScalingGroup:ab3df7bb-a6b1-4bf6-b6ff-f367e698a37f:autoScalingGroupName/tf-asg-2021042807554205390000000c",
            "availability_zones": [
              "ca-central-1a"
            ],
            "capacity_rebalance": false,
            "default_cooldown": 300,
            "desired_capacity": 1,
            "enabled_metrics": [],
            "force_delete": false,
            "health_check_grace_period": 300,
            "health_check_type": "EC2",
            "id": "tf-asg-2021042807554205390000000c",
            "initial_lifecycle_hook": [],
            "instance_refresh": [],
            "launch_configuration": "",
            "launch_template": [
              {
                "id": "lt-0e127d532f8b792e0",
                "name": "pyamidisagglaunchtemplate",
                "version": "$Latest"
              }
            ],
            "load_balancers": [],
            "max_instance_lifetime": 0,
            "max_size": 1,
            "metrics_granularity": "1Minute",
            "min_elb_capacity": null,
            "min_size": 1,
            "mixed_instances_policy": [],
            "name": "tf-asg-2021042807554205390000000c",
            "name_prefix": null,
            "placement_group": "",
            "protect_from_scale_in": false,
            "service_linked_role_arn": "arn:aws:iam::076900401824:role/aws-service-role/autoscaling.amazonaws.com/AWSServiceRoleForAutoScaling",
            "suspended_processes": [],
            "tag": [],
            "tags": null,
            "target_group_arns": [],
            "termination_policies": [],
            "timeouts": null,
            "vpc_zone_identifier": [
              "subnet-0b203fd84612bcbd1"
            ],
            "wait_for_capacity_timeout": "10m",
            "wait_for_elb_capacity": null
          },
          "depends_on": [
            "aws_launch_template.pyamidisagglaunchtemplate"
          ]
        }
      ]
    },
    {
      "mode": "managed",
      "type": "aws_autoscaling_group",
      "name": "uploadsplitterservices-asg-prodca",
      "provider": "provider.aws",
      "instances": [
        {
          "schema_version": 0,
          "attributes": {
            "arn": "arn:aws:autoscaling:ca-central-1:076900401824:autoScalingGroup:8e2effc9-5366-4add-9a91-2cb15a0fa283:autoScalingGroupName/tf-asg-2021042807554204940000000b",
            "availability_zones": [
              "ca-central-1a"
            ],
            "capacity_rebalance": false,
            "default_cooldown": 300,
            "desired_capacity": 1,
            "enabled_metrics": [],
            "force_delete": false,
            "health_check_grace_period": 300,
            "health_check_type": "EC2",
            "id": "tf-asg-2021042807554204940000000b",
            "initial_lifecycle_hook": [],
            "instance_refresh": [],
            "launch_configuration": "",
            "launch_template": [
              {
                "id": "lt-0d4db13c01b85ff5f",
                "name": "uploadsplitterserviceslaunchtemplate",
                "version": "$Latest"
              }
            ],
            "load_balancers": [],
            "max_instance_lifetime": 0,
            "max_size": 1,
            "metrics_granularity": "1Minute",
            "min_elb_capacity": null,
            "min_size": 1,
            "mixed_instances_policy": [],
            "name": "tf-asg-2021042807554204940000000b",
            "name_prefix": null,
            "placement_group": "",
            "protect_from_scale_in": false,
            "service_linked_role_arn": "arn:aws:iam::076900401824:role/aws-service-role/autoscaling.amazonaws.com/AWSServiceRoleForAutoScaling",
            "suspended_processes": [],
            "tag": [],
            "tags": null,
            "target_group_arns": [],
            "termination_policies": [],
            "timeouts": null,
            "vpc_zone_identifier": [
              "subnet-0b203fd84612bcbd1"
            ],
            "wait_for_capacity_timeout": "10m",
            "wait_for_elb_capacity": null
          },
          "depends_on": [
            "aws_launch_template.uploadsplitterserviceslaunchtemplate"
          ]
        }
      ]
    },
    {
      "mode": "managed",
      "type": "aws_launch_template",
      "name": "aggregationslaunchtemplate",
      "provider": "provider.aws",
      "instances": [
        {
          "schema_version": 0,
          "attributes": {
            "arn": "arn:aws:ec2:ca-central-1:076900401824:launch-template/lt-03a57420a4b03fa2e",
            "block_device_mappings": [
              {
                "device_name": "/dev/sda1",
                "ebs": [
                  {
                    "delete_on_termination": "",
                    "encrypted": "",
                    "iops": 0,
                    "kms_key_id": "",
                    "snapshot_id": "",
                    "throughput": 0,
                    "volume_size": 30,
                    "volume_type": "gp2"
                  }
                ],
                "no_device": "",
                "virtual_name": ""
              }
            ],
            "capacity_reservation_specification": [],
            "cpu_options": [],
            "credit_specification": [],
            "default_version": 1,
            "description": "",
            "disable_api_termination": false,
            "ebs_optimized": "",
            "elastic_gpu_specifications": [],
            "elastic_inference_accelerator": [],
            "enclave_options": [],
            "hibernation_options": [],
            "iam_instance_profile": [
              {
                "arn": "",
                "name": "prodca-iam-instance-profile"
              }
            ],
            "id": "lt-03a57420a4b03fa2e",
            "image_id": "ami-0dcf9abdc83d6e6f7",
            "instance_initiated_shutdown_behavior": "",
            "instance_market_options": [],
            "instance_type": "m4.xlarge",
            "kernel_id": "",
            "key_name": "prodca",
            "latest_version": 1,
            "license_specification": [],
            "metadata_options": [],
            "monitoring": [],
            "name": "aggregationslaunchtemplate",
            "name_prefix": null,
            "network_interfaces": [
              {
                "associate_carrier_ip_address": "",
                "associate_public_ip_address": "false",
                "delete_on_termination": "",
                "description": "",
                "device_index": 0,
                "ipv4_address_count": 0,
                "ipv4_addresses": [],
                "ipv6_address_count": 0,
                "ipv6_addresses": [],
                "network_interface_id": "",
                "private_ip_address": "",
                "security_groups": [
                  "sg-0a3db65a3dad9644f"
                ],
                "subnet_id": "subnet-0b203fd84612bcbd1"
              }
            ],
            "placement": [
              {
                "affinity": "",
                "availability_zone": "ca-central-1a",
                "group_name": "",
                "host_id": "",
                "partition_number": 0,
                "spread_domain": "",
                "tenancy": ""
              }
            ],
            "ram_disk_id": "",
            "security_group_names": [],
            "tag_specifications": [
              {
                "resource_type": "instance",
                "tags": {
                  "Name": "aggregations"
                }
              }
            ],
            "tags": {},
            "update_default_version": null,
            "user_data": "IyEvYmluL2Jhc2ggLXgKPiAvdmFyL2xvZy9jbG91ZC1pbml0LW91dHB1dC5sb2cKPiAvdmFyL2xvZy9jbG91ZC1pbml0LmxvZwplY2hvICI9PT09PT09PT09PT09PT09PVVTRVIgU0NSSVBUIFNUQVJUPT09PT09PT09PT09PT09PT09PT0iCmNhdCA8PCJzZXR2YXJpYWJsZXMiID4gL3RtcC9zZXR2YXJpYWJsZXMuc2gKZXhwb3J0IFRBR05BTUU9YWdncmVnYXRpb25zCmV4cG9ydCBUQUdDT01QT05FTlQ9ZGFlbW9ucwpleHBvcnQgVEFHRU5WPXByb2RjYQpleHBvcnQgT1dORVI9b3BzCmV4cG9ydCBVVElMSVRZPWFsbApleHBvcnQgU1RBUlREQVRFPTIwMTctMDctMDJUMDA6MDE6MDBaCmV4cG9ydCBFTkREQVRFPTIwMjctMDctMDJUMDA6MDA6MDBaCmV4cG9ydCBBTUlJRD1hbWktMGFiMmYxMTE2ZDAyYzJlYzEKZXhwb3J0IFNOQVBTSE9USUQ9CmV4cG9ydCBTVUJORVQ9c3VibmV0LTBiMjAzZmQ4NDYxMmJjYmQxCmV4cG9ydCBKQVZBX0hPTUU9L3Vzci9saWIvanZtL2phdmEtOC1vcmFjbGUvanJlCmV4cG9ydCBCSURHRUxZX0VOVj1wcm9kLWNhCmV4cG9ydCBTRUNVUklUWUdST1VQPSdzZy0wM2UxZjdiOGI2ZDExZmEzYycKZXhwb3J0IEtFWVBBSVI9cHJvZGNhCmV4cG9ydCBJTlNUQU5DRVBST0ZJTEU9cHJvZGNhLWlhbS1pbnN0YW5jZS1yb2xlCmV4cG9ydCBSRVBPPXJlcG8yLmJpZGdlbHkuY29tCmV4cG9ydCBSRVBPRElSPXByb2RjYQpleHBvcnQgUzNBUlRJRkFDVFNCVUNLRVQ9YmlkZ2VseS1jYW5hZGEtc2V0dXAvaW5mcmEKZXhwb3J0IENMT1VEV0FUQ0g9Tk8KZXhwb3J0IFNOU1RPUElDPVNQT1QtUFJPRApzZXR2YXJpYWJsZXMKY2htb2QgNzAwIC90bXAvc2V0dmFyaWFibGVzLnNoCnNvdXJjZSAvdG1wL3NldHZhcmlhYmxlcy5zaAphd3MgczMgY3AgczM6Ly9iaWRnZWx5LWNhbmFkYS1zZXR1cC9pbmZyYS91c2VyZGF0YS5zaCAuCmNobW9kIDcwMCB1c2VyZGF0YS5zaAouL3VzZXJkYXRhLnNoCg==",
            "vpc_security_group_ids": []
          }
        }
      ]
    },
    {
      "mode": "managed",
      "type": "aws_launch_template",
      "name": "daemons3launchtemplate",
      "provider": "provider.aws",
      "instances": [
        {
          "schema_version": 0,
          "attributes": {
            "arn": "arn:aws:ec2:ca-central-1:076900401824:launch-template/lt-04f5ce3d2bee4e0fc",
            "block_device_mappings": [
              {
                "device_name": "/dev/sda1",
                "ebs": [
                  {
                    "delete_on_termination": "",
                    "encrypted": "",
                    "iops": 0,
                    "kms_key_id": "",
                    "snapshot_id": "",
                    "throughput": 0,
                    "volume_size": 30,
                    "volume_type": "gp2"
                  }
                ],
                "no_device": "",
                "virtual_name": ""
              }
            ],
            "capacity_reservation_specification": [],
            "cpu_options": [],
            "credit_specification": [],
            "default_version": 1,
            "description": "",
            "disable_api_termination": false,
            "ebs_optimized": "",
            "elastic_gpu_specifications": [],
            "elastic_inference_accelerator": [],
            "enclave_options": [],
            "hibernation_options": [],
            "iam_instance_profile": [
              {
                "arn": "",
                "name": "prodca-iam-instance-profile"
              }
            ],
            "id": "lt-04f5ce3d2bee4e0fc",
            "image_id": "ami-0dcf9abdc83d6e6f7",
            "instance_initiated_shutdown_behavior": "",
            "instance_market_options": [],
            "instance_type": "m4.xlarge",
            "kernel_id": "",
            "key_name": "prodca",
            "latest_version": 1,
            "license_specification": [],
            "metadata_options": [],
            "monitoring": [],
            "name": "daemons3launchtemplate",
            "name_prefix": null,
            "network_interfaces": [
              {
                "associate_carrier_ip_address": "",
                "associate_public_ip_address": "false",
                "delete_on_termination": "",
                "description": "",
                "device_index": 0,
                "ipv4_address_count": 0,
                "ipv4_addresses": [],
                "ipv6_address_count": 0,
                "ipv6_addresses": [],
                "network_interface_id": "",
                "private_ip_address": "",
                "security_groups": [
                  "sg-0a3db65a3dad9644f"
                ],
                "subnet_id": "subnet-0b203fd84612bcbd1"
              }
            ],
            "placement": [
              {
                "affinity": "",
                "availability_zone": "ca-central-1a",
                "group_name": "",
                "host_id": "",
                "partition_number": 0,
                "spread_domain": "",
                "tenancy": ""
              }
            ],
            "ram_disk_id": "",
            "security_group_names": [],
            "tag_specifications": [
              {
                "resource_type": "instance",
                "tags": {
                  "Name": "aggregations"
                }
              }
            ],
            "tags": {},
            "update_default_version": null,
            "user_data": "IyEvYmluL2Jhc2ggLXgKPiAvdmFyL2xvZy9jbG91ZC1pbml0LW91dHB1dC5sb2cKPiAvdmFyL2xvZy9jbG91ZC1pbml0LmxvZwplY2hvICI9PT09PT09PT09PT09PT09PVVTRVIgU0NSSVBUIFNUQVJUPT09PT09PT09PT09PT09PT09PT0iCmNhdCA8PCJzZXR2YXJpYWJsZXMiID4gL3RtcC9zZXR2YXJpYWJsZXMuc2gKZXhwb3J0IFRBR05BTUU9ZGFlbW9uczMKZXhwb3J0IFRBR0NPTVBPTkVOVD1kYWVtb25zCmV4cG9ydCBUQUdFTlY9cHJvZGNhCmV4cG9ydCBPV05FUj1vcHMKZXhwb3J0IFVUSUxJVFk9YWxsCmV4cG9ydCBTVEFSVERBVEU9MjAxNy0wNy0wMlQwMDowMTowMFoKZXhwb3J0IEVORERBVEU9MjAyNy0wNy0wMlQwMDowMDowMFoKZXhwb3J0IEFNSUlEPWFtaS0wYWIyZjExMTZkMDJjMmVjMQpleHBvcnQgU05BUFNIT1RJRD0KZXhwb3J0IFNVQk5FVD1zdWJuZXQtMGIyMDNmZDg0NjEyYmNiZDEKZXhwb3J0IEpBVkFfSE9NRT0vdXNyL2xpYi9qdm0vamF2YS04LW9yYWNsZS9qcmUKZXhwb3J0IEJJREdFTFlfRU5WPXByb2QtY2EKZXhwb3J0IFNFQ1VSSVRZR1JPVVA9J3NnLTAzZTFmN2I4YjZkMTFmYTNjJwpleHBvcnQgS0VZUEFJUj1wcm9kY2EKZXhwb3J0IElOU1RBTkNFUFJPRklMRT1wcm9kY2EtaWFtLWluc3RhbmNlLXJvbGUKZXhwb3J0IFJFUE89cmVwbzIuYmlkZ2VseS5jb20KZXhwb3J0IFJFUE9ESVI9cHJvZGNhCmV4cG9ydCBTM0FSVElGQUNUU0JVQ0tFVD1iaWRnZWx5LWNhbmFkYS1zZXR1cC9pbmZyYQpleHBvcnQgQ0xPVURXQVRDSD1OTwpleHBvcnQgU05TVE9QSUM9U1BPVC1QUk9ECnNldHZhcmlhYmxlcwpjaG1vZCA3MDAgL3RtcC9zZXR2YXJpYWJsZXMuc2gKc291cmNlIC90bXAvc2V0dmFyaWFibGVzLnNoCmF3cyBzMyBjcCBzMzovL2JpZGdlbHktY2FuYWRhLXNldHVwL2luZnJhL3VzZXJkYXRhLnNoIC4KY2htb2QgNzAwIHVzZXJkYXRhLnNoCi4vdXNlcmRhdGEuc2gK",
            "vpc_security_group_ids": []
          }
        }
      ]
    },
    {
      "mode": "managed",
      "type": "aws_launch_template",
      "name": "ingesterclientlaunchtemplate",
      "provider": "provider.aws",
      "instances": [
        {
          "schema_version": 0,
          "attributes": {
            "arn": "arn:aws:ec2:ca-central-1:076900401824:launch-template/lt-0544856b8b9f75bbe",
            "block_device_mappings": [
              {
                "device_name": "/dev/sda1",
                "ebs": [
                  {
                    "delete_on_termination": "",
                    "encrypted": "",
                    "iops": 0,
                    "kms_key_id": "",
                    "snapshot_id": "",
                    "throughput": 0,
                    "volume_size": 30,
                    "volume_type": "gp2"
                  }
                ],
                "no_device": "",
                "virtual_name": ""
              }
            ],
            "capacity_reservation_specification": [],
            "cpu_options": [],
            "credit_specification": [],
            "default_version": 1,
            "description": "",
            "disable_api_termination": false,
            "ebs_optimized": "",
            "elastic_gpu_specifications": [],
            "elastic_inference_accelerator": [],
            "enclave_options": [],
            "hibernation_options": [],
            "iam_instance_profile": [
              {
                "arn": "",
                "name": "prodca-iam-instance-profile"
              }
            ],
            "id": "lt-0544856b8b9f75bbe",
            "image_id": "ami-0dcf9abdc83d6e6f7",
            "instance_initiated_shutdown_behavior": "",
            "instance_market_options": [],
            "instance_type": "m4.xlarge",
            "kernel_id": "",
            "key_name": "prodca",
            "latest_version": 1,
            "license_specification": [],
            "metadata_options": [],
            "monitoring": [],
            "name": "ingesterclientlaunchtemplate",
            "name_prefix": null,
            "network_interfaces": [
              {
                "associate_carrier_ip_address": "",
                "associate_public_ip_address": "false",
                "delete_on_termination": "",
                "description": "",
                "device_index": 0,
                "ipv4_address_count": 0,
                "ipv4_addresses": [],
                "ipv6_address_count": 0,
                "ipv6_addresses": [],
                "network_interface_id": "",
                "private_ip_address": "",
                "security_groups": [
                  "sg-0a3db65a3dad9644f"
                ],
                "subnet_id": "subnet-0b203fd84612bcbd1"
              }
            ],
            "placement": [
              {
                "affinity": "",
                "availability_zone": "ca-central-1a",
                "group_name": "",
                "host_id": "",
                "partition_number": 0,
                "spread_domain": "",
                "tenancy": ""
              }
            ],
            "ram_disk_id": "",
            "security_group_names": [],
            "tag_specifications": [
              {
                "resource_type": "instance",
                "tags": {
                  "Name": "ingesterclient"
                }
              }
            ],
            "tags": {},
            "update_default_version": null,
            "user_data": "IyEvYmluL2Jhc2ggLXgKPiAvdmFyL2xvZy9jbG91ZC1pbml0LW91dHB1dC5sb2cKPiAvdmFyL2xvZy9jbG91ZC1pbml0LmxvZwplY2hvICI9PT09PT09PT09PT09PT09PVVTRVIgU0NSSVBUIFNUQVJUPT09PT09PT09PT09PT09PT09PT0iCmNhdCA8PCJzZXR2YXJpYWJsZXMiID4gL3RtcC9zZXR2YXJpYWJsZXMuc2gKZXhwb3J0IFRBR05BTUU9aW5nZXN0ZXJjbGllbnQKZXhwb3J0IFRBR0NPTVBPTkVOVD1kYWVtb25zCmV4cG9ydCBUQUdFTlY9cHJvZGNhCmV4cG9ydCBPV05FUj1vcHMKZXhwb3J0IFVUSUxJVFk9YWxsCmV4cG9ydCBTVEFSVERBVEU9MjAxNy0wNy0wMlQwMDowMTowMFoKZXhwb3J0IEVORERBVEU9MjAyNy0wNy0wMlQwMDowMDowMFoKZXhwb3J0IEFNSUlEPWFtaS0wYWIyZjExMTZkMDJjMmVjMQpleHBvcnQgU05BUFNIT1RJRD0KZXhwb3J0IFNVQk5FVD1zdWJuZXQtMGIyMDNmZDg0NjEyYmNiZDEKZXhwb3J0IEpBVkFfSE9NRT0vdXNyL2xpYi9qdm0vamF2YS04LW9yYWNsZS9qcmUKZXhwb3J0IEJJREdFTFlfRU5WPXByb2QtY2EKZXhwb3J0IFNFQ1VSSVRZR1JPVVA9J3NnLTAzZTFmN2I4YjZkMTFmYTNjJwpleHBvcnQgS0VZUEFJUj1wcm9kY2EKZXhwb3J0IElOU1RBTkNFUFJPRklMRT1wcm9kY2EtaWFtLWluc3RhbmNlLXJvbGUKZXhwb3J0IFJFUE89cmVwbzIuYmlkZ2VseS5jb20KZXhwb3J0IFJFUE9ESVI9cHJvZGNhCmV4cG9ydCBTM0FSVElGQUNUU0JVQ0tFVD1iaWRnZWx5LWNhbmFkYS1zZXR1cC9pbmZyYQpleHBvcnQgQ0xPVURXQVRDSD1OTwpleHBvcnQgU05TVE9QSUM9U1BPVC1QUk9ECnNldHZhcmlhYmxlcwpjaG1vZCA3MDAgL3RtcC9zZXR2YXJpYWJsZXMuc2gKc291cmNlIC90bXAvc2V0dmFyaWFibGVzLnNoCmF3cyBzMyBjcCBzMzovL2JpZGdlbHktY2FuYWRhLXNldHVwL2luZnJhL3VzZXJkYXRhLnNoIC4KY2htb2QgNzAwIHVzZXJkYXRhLnNoCi4vdXNlcmRhdGEuc2gK",
            "vpc_security_group_ids": []
          }
        }
      ]
    },
    {
      "mode": "managed",
      "type": "aws_launch_template",
      "name": "ingesterjobslaunchtemplate",
      "provider": "provider.aws",
      "instances": [
        {
          "schema_version": 0,
          "attributes": {
            "arn": "arn:aws:ec2:ca-central-1:076900401824:launch-template/lt-0c1269c94017c2dfb",
            "block_device_mappings": [
              {
                "device_name": "/dev/sda1",
                "ebs": [
                  {
                    "delete_on_termination": "",
                    "encrypted": "",
                    "iops": 0,
                    "kms_key_id": "",
                    "snapshot_id": "",
                    "throughput": 0,
                    "volume_size": 30,
                    "volume_type": "gp2"
                  }
                ],
                "no_device": "",
                "virtual_name": ""
              }
            ],
            "capacity_reservation_specification": [],
            "cpu_options": [],
            "credit_specification": [],
            "default_version": 1,
            "description": "",
            "disable_api_termination": false,
            "ebs_optimized": "",
            "elastic_gpu_specifications": [],
            "elastic_inference_accelerator": [],
            "enclave_options": [],
            "hibernation_options": [],
            "iam_instance_profile": [
              {
                "arn": "",
                "name": "prodca-iam-instance-profile"
              }
            ],
            "id": "lt-0c1269c94017c2dfb",
            "image_id": "ami-0dcf9abdc83d6e6f7",
            "instance_initiated_shutdown_behavior": "",
            "instance_market_options": [],
            "instance_type": "m4.xlarge",
            "kernel_id": "",
            "key_name": "prodca",
            "latest_version": 1,
            "license_specification": [],
            "metadata_options": [],
            "monitoring": [],
            "name": "ingesterjobslaunchtemplate",
            "name_prefix": null,
            "network_interfaces": [
              {
                "associate_carrier_ip_address": "",
                "associate_public_ip_address": "false",
                "delete_on_termination": "",
                "description": "",
                "device_index": 0,
                "ipv4_address_count": 0,
                "ipv4_addresses": [],
                "ipv6_address_count": 0,
                "ipv6_addresses": [],
                "network_interface_id": "",
                "private_ip_address": "",
                "security_groups": [
                  "sg-0a3db65a3dad9644f"
                ],
                "subnet_id": "subnet-0b203fd84612bcbd1"
              }
            ],
            "placement": [
              {
                "affinity": "",
                "availability_zone": "ca-central-1a",
                "group_name": "",
                "host_id": "",
                "partition_number": 0,
                "spread_domain": "",
                "tenancy": ""
              }
            ],
            "ram_disk_id": "",
            "security_group_names": [],
            "tag_specifications": [
              {
                "resource_type": "instance",
                "tags": {
                  "Name": "ingesterjobs"
                }
              }
            ],
            "tags": {},
            "update_default_version": null,
            "user_data": "IyEvYmluL2Jhc2ggLXgKPiAvdmFyL2xvZy9jbG91ZC1pbml0LW91dHB1dC5sb2cKPiAvdmFyL2xvZy9jbG91ZC1pbml0LmxvZwplY2hvICI9PT09PT09PT09PT09PT09PVVTRVIgU0NSSVBUIFNUQVJUPT09PT09PT09PT09PT09PT09PT0iCmNhdCA8PCJzZXR2YXJpYWJsZXMiID4gL3RtcC9zZXR2YXJpYWJsZXMuc2gKZXhwb3J0IFRBR05BTUU9aW5nZXN0ZXJqb2JzCmV4cG9ydCBUQUdDT01QT05FTlQ9ZGFlbW9ucwpleHBvcnQgVEFHRU5WPXByb2RjYQpleHBvcnQgT1dORVI9b3BzCmV4cG9ydCBVVElMSVRZPWFsbApleHBvcnQgU1RBUlREQVRFPTIwMTctMDctMDJUMDA6MDE6MDBaCmV4cG9ydCBFTkREQVRFPTIwMjctMDctMDJUMDA6MDA6MDBaCmV4cG9ydCBBTUlJRD1hbWktMGFiMmYxMTE2ZDAyYzJlYzEKZXhwb3J0IFNOQVBTSE9USUQ9CmV4cG9ydCBTVUJORVQ9c3VibmV0LTBiMjAzZmQ4NDYxMmJjYmQxCmV4cG9ydCBKQVZBX0hPTUU9L3Vzci9saWIvanZtL2phdmEtOC1vcmFjbGUvanJlCmV4cG9ydCBCSURHRUxZX0VOVj1wcm9kLWNhCmV4cG9ydCBTRUNVUklUWUdST1VQPSdzZy0wM2UxZjdiOGI2ZDExZmEzYycKZXhwb3J0IEtFWVBBSVI9cHJvZGNhCmV4cG9ydCBJTlNUQU5DRVBST0ZJTEU9cHJvZGNhLWlhbS1pbnN0YW5jZS1yb2xlCmV4cG9ydCBSRVBPPXJlcG8yLmJpZGdlbHkuY29tCmV4cG9ydCBSRVBPRElSPXByb2RjYQpleHBvcnQgUzNBUlRJRkFDVFNCVUNLRVQ9YmlkZ2VseS1jYW5hZGEtc2V0dXAvaW5mcmEKZXhwb3J0IENMT1VEV0FUQ0g9Tk8KZXhwb3J0IFNOU1RPUElDPVNQT1QtUFJPRApzZXR2YXJpYWJsZXMKY2htb2QgNzAwIC90bXAvc2V0dmFyaWFibGVzLnNoCnNvdXJjZSAvdG1wL3NldHZhcmlhYmxlcy5zaAphd3MgczMgY3AgczM6Ly9iaWRnZWx5LWNhbmFkYS1zZXR1cC9pbmZyYS91c2VyZGF0YS5zaCAuCmNobW9kIDcwMCB1c2VyZGF0YS5zaAouL3VzZXJkYXRhLnNoCg==",
            "vpc_security_group_ids": []
          }
        }
      ]
    },
    {
      "mode": "managed",
      "type": "aws_launch_template",
      "name": "pyamidisagglaunchtemplate",
      "provider": "provider.aws",
      "instances": [
        {
          "schema_version": 0,
          "attributes": {
            "arn": "arn:aws:ec2:ca-central-1:076900401824:launch-template/lt-0e127d532f8b792e0",
            "block_device_mappings": [
              {
                "device_name": "/dev/sda1",
                "ebs": [
                  {
                    "delete_on_termination": "",
                    "encrypted": "",
                    "iops": 0,
                    "kms_key_id": "",
                    "snapshot_id": "",
                    "throughput": 0,
                    "volume_size": 30,
                    "volume_type": "gp2"
                  }
                ],
                "no_device": "",
                "virtual_name": ""
              }
            ],
            "capacity_reservation_specification": [],
            "cpu_options": [],
            "credit_specification": [],
            "default_version": 1,
            "description": "",
            "disable_api_termination": false,
            "ebs_optimized": "",
            "elastic_gpu_specifications": [],
            "elastic_inference_accelerator": [],
            "enclave_options": [],
            "hibernation_options": [],
            "iam_instance_profile": [
              {
                "arn": "",
                "name": "prodca-iam-instance-profile"
              }
            ],
            "id": "lt-0e127d532f8b792e0",
            "image_id": "ami-0bce8a610d475d0f0",
            "instance_initiated_shutdown_behavior": "",
            "instance_market_options": [],
            "instance_type": "m4.xlarge",
            "kernel_id": "",
            "key_name": "prodca",
            "latest_version": 2,
            "license_specification": [],
            "metadata_options": [],
            "monitoring": [],
            "name": "pyamidisagglaunchtemplate",
            "name_prefix": null,
            "network_interfaces": [
              {
                "associate_carrier_ip_address": "",
                "associate_public_ip_address": "false",
                "delete_on_termination": "",
                "description": "",
                "device_index": 0,
                "ipv4_address_count": 0,
                "ipv4_addresses": [],
                "ipv6_address_count": 0,
                "ipv6_addresses": [],
                "network_interface_id": "",
                "private_ip_address": "",
                "security_groups": [
                  "sg-0a3db65a3dad9644f"
                ],
                "subnet_id": "subnet-0b203fd84612bcbd1"
              }
            ],
            "placement": [
              {
                "affinity": "",
                "availability_zone": "ca-central-1a",
                "group_name": "",
                "host_id": "",
                "partition_number": 0,
                "spread_domain": "",
                "tenancy": ""
              }
            ],
            "ram_disk_id": "",
            "security_group_names": [],
            "tag_specifications": [
              {
                "resource_type": "instance",
                "tags": {
                  "Name": "pyamidisagg"
                }
              }
            ],
            "tags": {},
            "update_default_version": null,
            "user_data": "IyEvYmluL2Jhc2ggLXgKPiAvdmFyL2xvZy9jbG91ZC1pbml0LW91dHB1dC5sb2cKPiAvdmFyL2xvZy9jbG91ZC1pbml0LmxvZwplY2hvICI9PT09PT09PT09PT09PT09PVVTRVIgU0NSSVBUIFNUQVJUPT09PT09PT09PT09PT09PT09PT0iCmNhdCA8PCJzZXR2YXJpYWJsZXMiID4gL3RtcC9zZXR2YXJpYWJsZXMuc2gKZXhwb3J0IFRBR05BTUU9cHlhbWlkaXNhZ2cKZXhwb3J0IFRBR0NPTVBPTkVOVD1kYWVtb25zCmV4cG9ydCBUQUdFTlY9cHJvZGNhCmV4cG9ydCBPV05FUj1vcHMKZXhwb3J0IFVUSUxJVFk9YWxsCmV4cG9ydCBTVEFSVERBVEU9MjAxNy0wNy0wMlQwMDowMTowMFoKZXhwb3J0IEVORERBVEU9MjAyNy0wNy0wMlQwMDowMDowMFoKZXhwb3J0IEFNSUlEPWFtaS0wYWIyZjExMTZkMDJjMmVjMQpleHBvcnQgU05BUFNIT1RJRD0KZXhwb3J0IFNVQk5FVD1zdWJuZXQtMGIyMDNmZDg0NjEyYmNiZDEKZXhwb3J0IEpBVkFfSE9NRT0vdXNyL2xpYi9qdm0vamF2YS04LW9yYWNsZS9qcmUKZXhwb3J0IEJJREdFTFlfRU5WPXByb2QtY2EKZXhwb3J0IFNFQ1VSSVRZR1JPVVA9J3NnLTAzZTFmN2I4YjZkMTFmYTNjJwpleHBvcnQgS0VZUEFJUj1wcm9kY2EKZXhwb3J0IElOU1RBTkNFUFJPRklMRT1wcm9kY2EtaWFtLWluc3RhbmNlLXJvbGUKZXhwb3J0IFJFUE89cmVwbzIuYmlkZ2VseS5jb20KZXhwb3J0IFJFUE9ESVI9cHJvZGNhCmV4cG9ydCBTM0FSVElGQUNUU0JVQ0tFVD1iaWRnZWx5LWNhbmFkYS1zZXR1cC9pbmZyYQpleHBvcnQgQ0xPVURXQVRDSD1OTwpleHBvcnQgU05TVE9QSUM9U1BPVC1QUk9ECnNldHZhcmlhYmxlcwpjaG1vZCA3MDAgL3RtcC9zZXR2YXJpYWJsZXMuc2gKc291cmNlIC90bXAvc2V0dmFyaWFibGVzLnNoCmF3cyBzMyBjcCBzMzovL2JpZGdlbHktY2FuYWRhLXNldHVwL2luZnJhL3VzZXJkYXRhLnNoIC4KY2htb2QgNzAwIHVzZXJkYXRhLnNoCi4vdXNlcmRhdGEuc2gK",
            "vpc_security_group_ids": []
          }
        }
      ]
    },
    {
      "mode": "managed",
      "type": "aws_launch_template",
      "name": "uploadsplitterserviceslaunchtemplate",
      "provider": "provider.aws",
      "instances": [
        {
          "schema_version": 0,
          "attributes": {
            "arn": "arn:aws:ec2:ca-central-1:076900401824:launch-template/lt-0d4db13c01b85ff5f",
            "block_device_mappings": [
              {
                "device_name": "/dev/sda1",
                "ebs": [
                  {
                    "delete_on_termination": "",
                    "encrypted": "",
                    "iops": 0,
                    "kms_key_id": "",
                    "snapshot_id": "",
                    "throughput": 0,
                    "volume_size": 30,
                    "volume_type": "gp2"
                  }
                ],
                "no_device": "",
                "virtual_name": ""
              }
            ],
            "capacity_reservation_specification": [],
            "cpu_options": [],
            "credit_specification": [],
            "default_version": 1,
            "description": "",
            "disable_api_termination": false,
            "ebs_optimized": "",
            "elastic_gpu_specifications": [],
            "elastic_inference_accelerator": [],
            "enclave_options": [],
            "hibernation_options": [],
            "iam_instance_profile": [
              {
                "arn": "",
                "name": "prodca-iam-instance-profile"
              }
            ],
            "id": "lt-0d4db13c01b85ff5f",
            "image_id": "ami-0dcf9abdc83d6e6f7",
            "instance_initiated_shutdown_behavior": "",
            "instance_market_options": [],
            "instance_type": "m4.xlarge",
            "kernel_id": "",
            "key_name": "prodca",
            "latest_version": 1,
            "license_specification": [],
            "metadata_options": [],
            "monitoring": [],
            "name": "uploadsplitterserviceslaunchtemplate",
            "name_prefix": null,
            "network_interfaces": [
              {
                "associate_carrier_ip_address": "",
                "associate_public_ip_address": "false",
                "delete_on_termination": "",
                "description": "",
                "device_index": 0,
                "ipv4_address_count": 0,
                "ipv4_addresses": [],
                "ipv6_address_count": 0,
                "ipv6_addresses": [],
                "network_interface_id": "",
                "private_ip_address": "",
                "security_groups": [
                  "sg-0a3db65a3dad9644f"
                ],
                "subnet_id": "subnet-0b203fd84612bcbd1"
              }
            ],
            "placement": [
              {
                "affinity": "",
                "availability_zone": "ca-central-1a",
                "group_name": "",
                "host_id": "",
                "partition_number": 0,
                "spread_domain": "",
                "tenancy": ""
              }
            ],
            "ram_disk_id": "",
            "security_group_names": [],
            "tag_specifications": [
              {
                "resource_type": "instance",
                "tags": {
                  "Name": "uploadsplitterservices"
                }
              }
            ],
            "tags": {},
            "update_default_version": null,
            "user_data": "IyEvYmluL2Jhc2ggLXgKPiAvdmFyL2xvZy9jbG91ZC1pbml0LW91dHB1dC5sb2cKPiAvdmFyL2xvZy9jbG91ZC1pbml0LmxvZwplY2hvICI9PT09PT09PT09PT09PT09PVVTRVIgU0NSSVBUIFNUQVJUPT09PT09PT09PT09PT09PT09PT0iCmNhdCA8PCJzZXR2YXJpYWJsZXMiID4gL3RtcC9zZXR2YXJpYWJsZXMuc2gKZXhwb3J0IFRBR05BTUU9dXBsb2Fkc3BsaXR0ZXJzZXJ2aWNlcwpleHBvcnQgVEFHQ09NUE9ORU5UPWRhZW1vbnMKZXhwb3J0IFRBR0VOVj1wcm9kY2EKZXhwb3J0IE9XTkVSPW9wcwpleHBvcnQgVVRJTElUWT1hbGwKZXhwb3J0IFNUQVJUREFURT0yMDE3LTA3LTAyVDAwOjAxOjAwWgpleHBvcnQgRU5EREFURT0yMDI3LTA3LTAyVDAwOjAwOjAwWgpleHBvcnQgQU1JSUQ9YW1pLTBhYjJmMTExNmQwMmMyZWMxCmV4cG9ydCBTTkFQU0hPVElEPQpleHBvcnQgU1VCTkVUPXN1Ym5ldC0wYjIwM2ZkODQ2MTJiY2JkMQpleHBvcnQgSkFWQV9IT01FPS91c3IvbGliL2p2bS9qYXZhLTgtb3JhY2xlL2pyZQpleHBvcnQgQklER0VMWV9FTlY9cHJvZC1jYQpleHBvcnQgU0VDVVJJVFlHUk9VUD0nc2ctMDNlMWY3YjhiNmQxMWZhM2MnCmV4cG9ydCBLRVlQQUlSPXByb2RjYQpleHBvcnQgSU5TVEFOQ0VQUk9GSUxFPXByb2RjYS1pYW0taW5zdGFuY2Utcm9sZQpleHBvcnQgUkVQTz1yZXBvMi5iaWRnZWx5LmNvbQpleHBvcnQgUkVQT0RJUj1wcm9kY2EKZXhwb3J0IFMzQVJUSUZBQ1RTQlVDS0VUPWJpZGdlbHktY2FuYWRhLXNldHVwL2luZnJhCmV4cG9ydCBDTE9VRFdBVENIPU5PCmV4cG9ydCBTTlNUT1BJQz1TUE9ULVBST0QKc2V0dmFyaWFibGVzCmNobW9kIDcwMCAvdG1wL3NldHZhcmlhYmxlcy5zaApzb3VyY2UgL3RtcC9zZXR2YXJpYWJsZXMuc2gKYXdzIHMzIGNwIHMzOi8vYmlkZ2VseS1jYW5hZGEtc2V0dXAvaW5mcmEvdXNlcmRhdGEuc2ggLgpjaG1vZCA3MDAgdXNlcmRhdGEuc2gKLi91c2VyZGF0YS5zaAo=",
            "vpc_security_group_ids": []
          }
        }
      ]
    }
  ]
}
